// !$*UTF8*$!
{
	archiveVersion = 1;
	classes = {
	};
	objectVersion = 50;
	objects = {

/* Begin PBXBuildFile section */
		38F18887221E805600992FD5 /* AppDelegate.m in Sources */ = {isa = PBXBuildFile; fileRef = 38F18886221E805600992FD5 /* AppDelegate.m */; };
		38F1888F221E805900992FD5 /* Assets.xcassets in Resources */ = {isa = PBXBuildFile; fileRef = 38F1888E221E805900992FD5 /* Assets.xcassets */; };
		38F18892221E805900992FD5 /* LaunchScreen.storyboard in Resources */ = {isa = PBXBuildFile; fileRef = 38F18890221E805900992FD5 /* LaunchScreen.storyboard */; };
		38F18895221E805900992FD5 /* main.m in Sources */ = {isa = PBXBuildFile; fileRef = 38F18894221E805900992FD5 /* main.m */; };
		38F1889D221E809C00992FD5 /* NextViewController.m in Sources */ = {isa = PBXBuildFile; fileRef = 38F1889C221E809C00992FD5 /* NextViewController.m */; };
		38F188A0221E80AD00992FD5 /* RootViewController.m in Sources */ = {isa = PBXBuildFile; fileRef = 38F1889F221E80AD00992FD5 /* RootViewController.m */; };
		38F188A4221E81B500992FD5 /* CustomNavigationDelegate.m in Sources */ = {isa = PBXBuildFile; fileRef = 38F188A3221E81B500992FD5 /* CustomNavigationDelegate.m */; };
		38F188A7221E81D000992FD5 /* CustomPushAnimation.m in Sources */ = {isa = PBXBuildFile; fileRef = 38F188A6221E81D000992FD5 /* CustomPushAnimation.m */; };
		38F188AA221E81E800992FD5 /* CustomPopAnimation.m in Sources */ = {isa = PBXBuildFile; fileRef = 38F188A9221E81E800992FD5 /* CustomPopAnimation.m */; };
		38F188AD221E857500992FD5 /* UIView+Ext.m in Sources */ = {isa = PBXBuildFile; fileRef = 38F188AB221E857500992FD5 /* UIView+Ext.m */; };
/* End PBXBuildFile section */

/* Begin PBXFileReference section */
		38F18882221E805600992FD5 /* NavigationControllerAnimation.app */ = {isa = PBXFileReference; explicitFileType = wrapper.application; includeInIndex = 0; path = NavigationControllerAnimation.app; sourceTree = BUILT_PRODUCTS_DIR; };
		38F18885221E805600992FD5 /* AppDelegate.h */ = {isa = PBXFileReference; lastKnownFileType = sourcecode.c.h; path = AppDelegate.h; sourceTree = "<group>"; };
		38F18886221E805600992FD5 /* AppDelegate.m */ = {isa = PBXFileReference; lastKnownFileType = sourcecode.c.objc; path = AppDelegate.m; sourceTree = "<group>"; };
		38F1888E221E805900992FD5 /* Assets.xcassets */ = {isa = PBXFileReference; lastKnownFileType = folder.assetcatalog; path = Assets.xcassets; sourceTree = "<group>"; };
		38F18891221E805900992FD5 /* Base */ = {isa = PBXFileReference; lastKnownFileType = file.storyboard; name = Base; path = Base.lproj/LaunchScreen.storyboard; sourceTree = "<group>"; };
		38F18893221E805900992FD5 /* Info.plist */ = {isa = PBXFileReference; lastKnownFileType = text.plist.xml; path = Info.plist; sourceTree = "<group>"; };
		38F18894221E805900992FD5 /* main.m */ = {isa = PBXFileReference; lastKnownFileType = sourcecode.c.objc; path = main.m; sourceTree = "<group>"; };
		38F1889B221E809C00992FD5 /* NextViewController.h */ = {isa = PBXFileReference; lastKnownFileType = sourcecode.c.h; path = NextViewController.h; sourceTree = "<group>"; };
		38F1889C221E809C00992FD5 /* NextViewController.m */ = {isa = PBXFileReference; lastKnownFileType = sourcecode.c.objc; path = NextViewController.m; sourceTree = "<group>"; };
		38F1889E221E80AD00992FD5 /* RootViewController.h */ = {isa = PBXFileReference; lastKnownFileType = sourcecode.c.h; path = RootViewController.h; sourceTree = "<group>"; };
		38F1889F221E80AD00992FD5 /* RootViewController.m */ = {isa = PBXFileReference; lastKnownFileType = sourcecode.c.objc; path = RootViewController.m; sourceTree = "<group>"; };
		38F188A2221E81B500992FD5 /* CustomNavigationDelegate.h */ = {isa = PBXFileReference; lastKnownFileType = sourcecode.c.h; path = CustomNavigationDelegate.h; sourceTree = "<group>"; };
		38F188A3221E81B500992FD5 /* CustomNavigationDelegate.m */ = {isa = PBXFileReference; lastKnownFileType = sourcecode.c.objc; path = CustomNavigationDelegate.m; sourceTree = "<group>"; };
		38F188A5221E81D000992FD5 /* CustomPushAnimation.h */ = {isa = PBXFileReference; lastKnownFileType = sourcecode.c.h; path = CustomPushAnimation.h; sourceTree = "<group>"; };
		38F188A6221E81D000992FD5 /* CustomPushAnimation.m */ = {isa = PBXFileReference; lastKnownFileType = sourcecode.c.objc; path = CustomPushAnimation.m; sourceTree = "<group>"; };
		38F188A8221E81E800992FD5 /* CustomPopAnimation.h */ = {isa = PBXFileReference; lastKnownFileType = sourcecode.c.h; path = CustomPopAnimation.h; sourceTree = "<group>"; };
		38F188A9221E81E800992FD5 /* CustomPopAnimation.m */ = {isa = PBXFileReference; lastKnownFileType = sourcecode.c.objc; path = CustomPopAnimation.m; sourceTree = "<group>"; };
		38F188AB221E857500992FD5 /* UIView+Ext.m */ = {isa = PBXFileReference; fileEncoding = 4; lastKnownFileType = sourcecode.c.objc; path = "UIView+Ext.m"; sourceTree = "<group>"; };
		38F188AC221E857500992FD5 /* UIView+Ext.h */ = {isa = PBXFileReference; fileEncoding = 4; lastKnownFileType = sourcecode.c.h; path = "UIView+Ext.h"; sourceTree = "<group>"; };
		38F188AE221E85C400992FD5 /* CustomNavigationAnimation-PrefixHeader.pch */ = {isa = PBXFileReference; lastKnownFileType = sourcecode.c.h; path = "CustomNavigationAnimation-PrefixHeader.pch"; sourceTree = "<group>"; };
/* End PBXFileReference section */

/* Begin PBXFrameworksBuildPhase section */
		38F1887F221E805600992FD5 /* Frameworks */ = {
			isa = PBXFrameworksBuildPhase;
			buildActionMask = 2147483647;
			files = (
			);
			runOnlyForDeploymentPostprocessing = 0;
		};
/* End PBXFrameworksBuildPhase section */

/* Begin PBXGroup section */
		38F18879221E805600992FD5 = {
			isa = PBXGroup;
			children = (
				38F18884221E805600992FD5 /* NavigationControllerAnimation */,
				38F18883221E805600992FD5 /* Products */,
			);
			sourceTree = "<group>";
		};
		38F18883221E805600992FD5 /* Products */ = {
			isa = PBXGroup;
			children = (
				38F18882221E805600992FD5 /* NavigationControllerAnimation.app */,
			);
			name = Products;
			sourceTree = "<group>";
		};
		38F18884221E805600992FD5 /* NavigationControllerAnimation */ = {
			isa = PBXGroup;
			children = (
				38F188A1221E819600992FD5 /* CustomAnimation */,
				38F18885221E805600992FD5 /* AppDelegate.h */,
				38F18886221E805600992FD5 /* AppDelegate.m */,
				38F1889E221E80AD00992FD5 /* RootViewController.h */,
				38F1889F221E80AD00992FD5 /* RootViewController.m */,
				38F1889B221E809C00992FD5 /* NextViewController.h */,
				38F1889C221E809C00992FD5 /* NextViewController.m */,
				38F188AC221E857500992FD5 /* UIView+Ext.h */,
				38F188AB221E857500992FD5 /* UIView+Ext.m */,
				38F1888E221E805900992FD5 /* Assets.xcassets */,
				38F18890221E805900992FD5 /* LaunchScreen.storyboard */,
				38F18893221E805900992FD5 /* Info.plist */,
				38F18894221E805900992FD5 /* main.m */,
				38F188AE221E85C400992FD5 /* CustomNavigationAnimation-PrefixHeader.pch */,
			);
			path = NavigationControllerAnimation;
			sourceTree = "<group>";
		};
		38F188A1221E819600992FD5 /* CustomAnimation */ = {
			isa = PBXGroup;
			children = (
				38F188A2221E81B500992FD5 /* CustomNavigationDelegate.h */,
				38F188A3221E81B500992FD5 /* CustomNavigationDelegate.m */,
				38F188A5221E81D000992FD5 /* CustomPushAnimation.h */,
				38F188A6221E81D000992FD5 /* CustomPushAnimation.m */,
				38F188A8221E81E800992FD5 /* CustomPopAnimation.h */,
				38F188A9221E81E800992FD5 /* CustomPopAnimation.m */,
			);
			path = CustomAnimation;
			sourceTree = "<group>";
		};
/* End PBXGroup section */

/* Begin PBXNativeTarget section */
		38F18881221E805600992FD5 /* NavigationControllerAnimation */ = {
			isa = PBXNativeTarget;
			buildConfigurationList = 38F18898221E805900992FD5 /* Build configuration list for PBXNativeTarget "NavigationControllerAnimation" */;
			buildPhases = (
				38F1887E221E805600992FD5 /* Sources */,
				38F1887F221E805600992FD5 /* Frameworks */,
				38F18880221E805600992FD5 /* Resources */,
			);
			buildRules = (
			);
			dependencies = (
			);
			name = NavigationControllerAnimation;
			productName = NavigationControllerAnimation;
			productReference = 38F18882221E805600992FD5 /* NavigationControllerAnimation.app */;
			productType = "com.apple.product-type.application";
		};
/* End PBXNativeTarget section */

/* Begin PBXProject section */
		38F1887A221E805600992FD5 /* Project object */ = {
			isa = PBXProject;
			attributes = {
				LastUpgradeCheck = 1010;
				ORGANIZATIONNAME = sunhw;
				TargetAttributes = {
					38F18881221E805600992FD5 = {
						CreatedOnToolsVersion = 10.1;
					};
				};
			};
			buildConfigurationList = 38F1887D221E805600992FD5 /* Build configuration list for PBXProject "NavigationControllerAnimation" */;
			compatibilityVersion = "Xcode 9.3";
			developmentRegion = en;
			hasScannedForEncodings = 0;
			knownRegions = (
				en,
				Base,
			);
			mainGroup = 38F18879221E805600992FD5;
			productRefGroup = 38F18883221E805600992FD5 /* Products */;
			projectDirPath = "";
			projectRoot = "";
			targets = (
				38F18881221E805600992FD5 /* NavigationControllerAnimation */,
			);
		};
/* End PBXProject section */

/* Begin PBXResourcesBuildPhase section */
		38F18880221E805600992FD5 /* Resources */ = {
			isa = PBXResourcesBuildPhase;
			buildActionMask = 2147483647;
			files = (
				38F18892221E805900992FD5 /* LaunchScreen.storyboard in Resources */,
				38F1888F221E805900992FD5 /* Assets.xcassets in Resources */,
			);
			runOnlyForDeploymentPostprocessing = 0;
		};
/* End PBXResourcesBuildPhase section */

/* Begin PBXSourcesBuildPhase section */
		38F1887E221E805600992FD5 /* Sources */ = {
			isa = PBXSourcesBuildPhase;
			buildActionMask = 2147483647;
			files = (
				38F1889D221E809C00992FD5 /* NextViewController.m in Sources */,
				38F18895221E805900992FD5 /* main.m in Sources */,
				38F188A0221E80AD00992FD5 /* RootViewController.m in Sources */,
				38F188A7221E81D000992FD5 /* CustomPushAnimation.m in Sources */,
				38F188AD221E857500992FD5 /* UIView+Ext.m in Sources */,
				38F188AA221E81E800992FD5 /* CustomPopAnimation.m in Sources */,
				38F18887221E805600992FD5 /* AppDelegate.m in Sources */,
				38F188A4221E81B500992FD5 /* CustomNavigationDelegate.m in Sources */,
			);
			runOnlyForDeploymentPostprocessing = 0;
		};
/* End PBXSourcesBuildPhase section */

/* Begin PBXVariantGroup section */
		38F18890221E805900992FD5 /* LaunchScreen.storyboard */ = {
			isa = PBXVariantGroup;
			children = (
				38F18891221E805900992FD5 /* Base */,
			);
			name = LaunchScreen.storyboard;
			sourceTree = "<group>";
		};
/* End PBXVariantGroup section */

/* Begin XCBuildConfiguration section */
		38F18896221E805900992FD5 /* Debug */ = {
			isa = XCBuildConfiguration;
			buildSettings = {
				ALWAYS_SEARCH_USER_PATHS = NO;
				CLANG_ANALYZER_NONNULL = YES;
				CLANG_ANALYZER_NUMBER_OBJECT_CONVERSION = YES_AGGRESSIVE;
				CLANG_CXX_LANGUAGE_STANDARD = "gnu++14";
				CLANG_CXX_LIBRARY = "libc++";
				CLANG_ENABLE_MODULES = YES;
				CLANG_ENABLE_OBJC_ARC = YES;
				CLANG_ENABLE_OBJC_WEAK = YES;
				CLANG_WARN_BLOCK_CAPTURE_AUTORELEASING = YES;
				CLANG_WARN_BOOL_CONVERSION = YES;
				CLANG_WARN_COMMA = YES;
				CLANG_WARN_CONSTANT_CONVERSION = YES;
				CLANG_WARN_DEPRECATED_OBJC_IMPLEMENTATIONS = YES;
				CLANG_WARN_DIRECT_OBJC_ISA_USAGE = YES_ERROR;
				CLANG_WARN_DOCUMENTATION_COMMENTS = YES;
				CLANG_WARN_EMPTY_BODY = YES;
				CLANG_WARN_ENUM_CONVERSION = YES;
				CLANG_WARN_INFINITE_RECURSION = YES;
				CLANG_WARN_INT_CONVERSION = YES;
				CLANG_WARN_NON_LITERAL_NULL_CONVERSION = YES;
				CLANG_WARN_OBJC_IMPLICIT_RETAIN_SELF = YES;
				CLANG_WARN_OBJC_LITERAL_CONVERSION = YES;
				CLANG_WARN_OBJC_ROOT_CLASS = YES_ERROR;
				CLANG_WARN_RANGE_LOOP_ANALYSIS = YES;
				CLANG_WARN_STRICT_PROTOTYPES = YES;
				CLANG_WARN_SUSPICIOUS_MOVE = YES;
				CLANG_WARN_UNGUARDED_AVAILABILITY = YES_AGGRESSIVE;
				CLANG_WARN_UNREACHABLE_CODE = YES;
				CLANG_WARN__DUPLICATE_METHOD_MATCH = YES;
				CODE_SIGN_IDENTITY = "iPhone Developer";
				COPY_PHASE_STRIP = NO;
				DEBUG_INFORMATION_FORMAT = dwarf;
				ENABLE_STRICT_OBJC_MSGSEND = YES;
				ENABLE_TESTABILITY = YES;
				GCC_C_LANGUAGE_STANDARD = gnu11;
				GCC_DYNAMIC_NO_PIC = NO;
				GCC_NO_COMMON_BLOCKS = YES;
				GCC_OPTIMIZATION_LEVEL = 0;
				GCC_PREPROCESSOR_DEFINITIONS = (
					"DEBUG=1",
					"$(inherited)",
				);
				GCC_WARN_64_TO_32_BIT_CONVERSION = YES;
				GCC_WARN_ABOUT_RETURN_TYPE = YES_ERROR;
				GCC_WARN_UNDECLARED_SELECTOR = YES;
				GCC_WARN_UNINITIALIZED_AUTOS = YES_AGGRESSIVE;
				GCC_WARN_UNUSED_FUNCTION = YES;
				GCC_WARN_UNUSED_VARIABLE = YES;
				IPHONEOS_DEPLOYMENT_TARGET = 12.1;
				MTL_ENABLE_DEBUG_INFO = INCLUDE_SOURCE;
				MTL_FAST_MATH = YES;
				ONLY_ACTIVE_ARCH = YES;
				SDKROOT = iphoneos;
			};
			name = Debug;
		};
		38F18897221E805900992FD5 /* Release */ = {
			isa = XCBuildConfiguration;
			buildSettings = {
				ALWAYS_SEARCH_USER_PATHS = NO;
				CLANG_ANALYZER_NONNULL = YES;
				CLANG_ANALYZER_NUMBER_OBJECT_CONVERSION = YES_AGGRESSIVE;
				CLANG_CXX_LANGUAGE_STANDARD = "gnu++14";
				CLANG_CXX_LIBRARY = "libc++";
				CLANG_ENABLE_MODULES = YES;
				CLANG_ENABLE_OBJC_ARC = YES;
				CLANG_ENABLE_OBJC_WEAK = YES;
				CLANG_WARN_BLOCK_CAPTURE_AUTORELEASING = YES;
				CLANG_WARN_BOOL_CONVERSION = YES;
				CLANG_WARN_COMMA = YES;
				CLANG_WARN_CONSTANT_CONVERSION = YES;
				CLANG_WARN_DEPRECATED_OBJC_IMPLEMENTATIONS = YES;
				CLANG_WARN_DIRECT_OBJC_ISA_USAGE = YES_ERROR;
				CLANG_WARN_DOCUMENTATION_COMMENTS = YES;
				CLANG_WARN_EMPTY_BODY = YES;
				CLANG_WARN_ENUM_CONVERSION = YES;
				CLANG_WARN_INFINITE_RECURSION = YES;
				CLANG_WARN_INT_CONVERSION = YES;
				CLANG_WARN_NON_LITERAL_NULL_CONVERSION = YES;
				CLANG_WARN_OBJC_IMPLICIT_RETAIN_SELF = YES;
				CLANG_WARN_OBJC_LITERAL_CONVERSION = YES;
				CLANG_WARN_OBJC_ROOT_CLASS = YES_ERROR;
				CLANG_WARN_RANGE_LOOP_ANALYSIS = YES;
				CLANG_WARN_STRICT_PROTOTYPES = YES;
				CLANG_WARN_SUSPICIOUS_MOVE = YES;
				CLANG_WARN_UNGUARDED_AVAILABILITY = YES_AGGRESSIVE;
				CLANG_WARN_UNREACHABLE_CODE = YES;
				CLANG_WARN__DUPLICATE_METHOD_MATCH = YES;
				CODE_SIGN_IDENTITY = "iPhone Developer";
				COPY_PHASE_STRIP = NO;
				DEBUG_INFORMATION_FORMAT = "dwarf-with-dsym";
				ENABLE_NS_ASSERTIONS = NO;
				ENABLE_STRICT_OBJC_MSGSEND = YES;
				GCC_C_LANGUAGE_STANDARD = gnu11;
				GCC_NO_COMMON_BLOCKS = YES;
				GCC_WARN_64_TO_32_BIT_CONVERSION = YES;
				GCC_WARN_ABOUT_RETURN_TYPE = YES_ERROR;
				GCC_WARN_UNDECLARED_SELECTOR = YES;
				GCC_WARN_UNINITIALIZED_AUTOS = YES_AGGRESSIVE;
				GCC_WARN_UNUSED_FUNCTION = YES;
				GCC_WARN_UNUSED_VARIABLE = YES;
				IPHONEOS_DEPLOYMENT_TARGET = 12.1;
				MTL_ENABLE_DEBUG_INFO = NO;
				MTL_FAST_MATH = YES;
				SDKROOT = iphoneos;
				VALIDATE_PRODUCT = YES;
			};
			name = Release;
		};
		38F18899221E805900992FD5 /* Debug */ = {
			isa = XCBuildConfiguration;
			buildSettings = {
				ASSETCATALOG_COMPILER_APPICON_NAME = AppIcon;
				CODE_SIGN_STYLE = Automatic;
				DEVELOPMENT_TEAM = JGQ8DJ7GMB;
				GCC_PREFIX_HEADER = "NavigationControllerAnimation/CustomNavigationAnimation-PrefixHeader.pch";
				INFOPLIST_FILE = NavigationControllerAnimation/Info.plist;
				IPHONEOS_DEPLOYMENT_TARGET = 10.0;
				LD_RUNPATH_SEARCH_PATHS = (
					"$(inherited)",
					"@executable_path/Frameworks",
				);
				PRODUCT_BUNDLE_IDENTIFIER = top.youngforyou.NavigationControllerAnimation;
				PRODUCT_NAME = "$(TARGET_NAME)";
				TARGETED_DEVICE_FAMILY = "1,2";
			};
			name = Debug;
		};
		38F1889A221E805900992FD5 /* Release */ = {
			isa = XCBuildConfiguration;
			buildSettings = {
				ASSETCATALOG_COMPILER_APPICON_NAME = AppIcon;
				CODE_SIGN_STYLE = Automatic;
				DEVELOPMENT_TEAM = JGQ8DJ7GMB;
				GCC_PREFIX_HEADER = "NavigationControllerAnimation/CustomNavigationAnimation-PrefixHeader.pch";
				INFOPLIST_FILE = NavigationControllerAnimation/Info.plist;
				IPHONEOS_DEPLOYMENT_TARGET = 10.0;
				LD_RUNPATH_SEARCH_PATHS = (
					"$(inherited)",
					"@executable_path/Frameworks",
				);
				PRODUCT_BUNDLE_IDENTIFIER = top.youngforyou.NavigationControllerAnimation;
				PRODUCT_NAME = "$(TARGET_NAME)";
				TARGETED_DEVICE_FAMILY = "1,2";
			};
			name = Release;
		};
/* End XCBuildConfiguration section */

/* Begin XCConfigurationList section */
		38F1887D221E805600992FD5 /* Build configuration list for PBXProject "NavigationControllerAnimation" */ = {
			isa = XCConfigurationList;
			buildConfigurations = (
				38F18896221E805900992FD5 /* Debug */,
				38F18897221E805900992FD5 /* Release */,
			);
			defaultConfigurationIsVisible = 0;
			defaultConfigurationName = Release;
		};
		38F18898221E805900992FD5 /* Build configuration list for PBXNativeTarget "NavigationControllerAnimation" */ = {
			isa = XCConfigurationList;
			buildConfigurations = (
				38F18899221E805900992FD5 /* Debug */,
				38F1889A221E805900992FD5 /* Release */,
			);
			defaultConfigurationIsVisible = 0;
			defaultConfigurationName = Release;
		};
/* End XCConfigurationList section */
	};
	rootObject = 38F1887A221E805600992FD5 /* Project object */;
}
